
Microsoft Visual Studio Solution File, Format Version 12.00
# Visual Studio Version 17
VisualStudioVersion = 17.0.31710.8
MinimumVisualStudioVersion = 10.0.40219.1
Project("{FAE04EC0-301F-11D3-BF4B-00C04F79EFBC}") = "Proc", "Proc-0\Proc.csproj", "{D7ED0B13-F926-4938-8DB0-5B4CBAB8A71A}"
EndProject
Global
	GlobalSection(SolutionConfigurationPlatforms) = preSolution
		Debug|Any CPU = Debug|Any CPU
		Release|Any CPU = Release|Any CPU
	EndGlobalSection
	GlobalSection(ProjectConfigurationPlatforms) = postSolution
		{D7ED0B13-F926-4938-8DB0-5B4CBAB8A71A}.Debug|Any CPU.ActiveCfg = Debug|Any CPU
		{D7ED0B13-F926-4938-8DB0-5B4CBAB8A71A}.Debug|Any CPU.Build.0 = Debug|Any CPU
		{D7ED0B13-F926-4938-8DB0-5B4CBAB8A71A}.Release|Any CPU.ActiveCfg = Release|Any CPU
		{D7ED0B13-F926-4938-8DB0-5B4CBAB8A71A}.Release|Any CPU.Build.0 = Release|Any CPU
	EndGlobalSection
	GlobalSection(SolutionProperties) = preSolution
		HideSolutionNode = FALSE
	EndGlobalSection
	GlobalSection(ExtensibilityGlobals) = postSolution
		SolutionGuid = {6B45584C-52F7-4491-96F6-4954F1AE39CE}
	EndGlobalSection
EndGlobal
